// !$*UTF8*$!
{
	archiveVersion = 1;
	classes = {
	};
	objectVersion = 50;
	objects = {

/* Begin PBXBuildFile section */
		58580A01228803DF002E1EBC /* main.cpp in Sources */ = {isa = PBXBuildFile; fileRef = 58580A00228803DF002E1EBC /* main.cpp */; };
		585E27632298D810000383D0 /* split.cpp in Sources */ = {isa = PBXBuildFile; fileRef = 585E27612298D810000383D0 /* split.cpp */; };
		585E276B2298E216000383D0 /* main.cpp in Sources */ = {isa = PBXBuildFile; fileRef = 585E276A2298E216000383D0 /* main.cpp */; };
		585E27762298E3EF000383D0 /* main.cpp in Sources */ = {isa = PBXBuildFile; fileRef = 585E27752298E3EF000383D0 /* main.cpp */; };
/* End PBXBuildFile section */

/* Begin PBXCopyFilesBuildPhase section */
		585809FB228803DF002E1EBC /* CopyFiles */ = {
			isa = PBXCopyFilesBuildPhase;
			buildActionMask = 2147483647;
			dstPath = /usr/share/man/man1/;
			dstSubfolderSpec = 0;
			files = (
			);
			runOnlyForDeploymentPostprocessing = 1;
		};
		585E27662298E216000383D0 /* CopyFiles */ = {
			isa = PBXCopyFilesBuildPhase;
			buildActionMask = 2147483647;
			dstPath = /usr/share/man/man1/;
			dstSubfolderSpec = 0;
			files = (
			);
			runOnlyForDeploymentPostprocessing = 1;
		};
		585E27712298E3EF000383D0 /* CopyFiles */ = {
			isa = PBXCopyFilesBuildPhase;
			buildActionMask = 2147483647;
			dstPath = /usr/share/man/man1/;
			dstSubfolderSpec = 0;
			files = (
			);
			runOnlyForDeploymentPostprocessing = 1;
		};
/* End PBXCopyFilesBuildPhase section */

/* Begin PBXFileReference section */
		585809FD228803DF002E1EBC /* split */ = {isa = PBXFileReference; explicitFileType = "compiled.mach-o.executable"; includeInIndex = 0; path = split; sourceTree = BUILT_PRODUCTS_DIR; };
		58580A00228803DF002E1EBC /* main.cpp */ = {isa = PBXFileReference; lastKnownFileType = sourcecode.cpp.cpp; path = main.cpp; sourceTree = "<group>"; };
		58580A0722880401002E1EBC /* README.md */ = {isa = PBXFileReference; lastKnownFileType = net.daringfireball.markdown; path = README.md; sourceTree = "<group>"; };
		585E27612298D810000383D0 /* split.cpp */ = {isa = PBXFileReference; lastKnownFileType = sourcecode.cpp.cpp; path = split.cpp; sourceTree = "<group>"; };
		585E27622298D810000383D0 /* split.hpp */ = {isa = PBXFileReference; lastKnownFileType = sourcecode.cpp.h; path = split.hpp; sourceTree = "<group>"; };
		585E27682298E216000383D0 /* palindrome */ = {isa = PBXFileReference; explicitFileType = "compiled.mach-o.executable"; includeInIndex = 0; path = palindrome; sourceTree = BUILT_PRODUCTS_DIR; };
		585E276A2298E216000383D0 /* main.cpp */ = {isa = PBXFileReference; lastKnownFileType = sourcecode.cpp.cpp; path = main.cpp; sourceTree = "<group>"; };
		585E27732298E3EF000383D0 /* findurls */ = {isa = PBXFileReference; explicitFileType = "compiled.mach-o.executable"; includeInIndex = 0; path = findurls; sourceTree = BUILT_PRODUCTS_DIR; };
		585E27752298E3EF000383D0 /* main.cpp */ = {isa = PBXFileReference; lastKnownFileType = sourcecode.cpp.cpp; path = main.cpp; sourceTree = "<group>"; };
/* End PBXFileReference section */

/* Begin PBXFrameworksBuildPhase section */
		585809FA228803DF002E1EBC /* Frameworks */ = {
			isa = PBXFrameworksBuildPhase;
			buildActionMask = 2147483647;
			files = (
			);
			runOnlyForDeploymentPostprocessing = 0;
		};
		585E27652298E216000383D0 /* Frameworks */ = {
			isa = PBXFrameworksBuildPhase;
			buildActionMask = 2147483647;
			files = (
			);
			runOnlyForDeploymentPostprocessing = 0;
		};
		585E27702298E3EF000383D0 /* Frameworks */ = {
			isa = PBXFrameworksBuildPhase;
			buildActionMask = 2147483647;
			files = (
			);
			runOnlyForDeploymentPostprocessing = 0;
		};
/* End PBXFrameworksBuildPhase section */

/* Begin PBXGroup section */
		585809F4228803DF002E1EBC = {
			isa = PBXGroup;
			children = (
				58580A0722880401002E1EBC /* README.md */,
				585E277A2298E3FF000383D0 /* processstring */,
				585809FE228803DF002E1EBC /* Products */,
			);
			sourceTree = "<group>";
		};
		585809FE228803DF002E1EBC /* Products */ = {
			isa = PBXGroup;
			children = (
				585809FD228803DF002E1EBC /* split */,
				585E27682298E216000383D0 /* palindrome */,
				585E27732298E3EF000383D0 /* findurls */,
			);
			name = Products;
			sourceTree = "<group>";
		};
		585809FF228803DF002E1EBC /* split */ = {
			isa = PBXGroup;
			children = (
				58580A00228803DF002E1EBC /* main.cpp */,
				585E27612298D810000383D0 /* split.cpp */,
				585E27622298D810000383D0 /* split.hpp */,
			);
			path = split;
			sourceTree = "<group>";
		};
		585E27692298E216000383D0 /* palindrome */ = {
			isa = PBXGroup;
			children = (
				585E276A2298E216000383D0 /* main.cpp */,
			);
			path = palindrome;
			sourceTree = "<group>";
		};
		585E27742298E3EF000383D0 /* findurls */ = {
			isa = PBXGroup;
			children = (
				585E27752298E3EF000383D0 /* main.cpp */,
			);
			path = findurls;
			sourceTree = "<group>";
		};
		585E277A2298E3FF000383D0 /* processstring */ = {
			isa = PBXGroup;
			children = (
				585809FF228803DF002E1EBC /* split */,
				585E27692298E216000383D0 /* palindrome */,
				585E27742298E3EF000383D0 /* findurls */,
			);
			path = processstring;
			sourceTree = "<group>";
		};
/* End PBXGroup section */

/* Begin PBXNativeTarget section */
		585809FC228803DF002E1EBC /* split */ = {
			isa = PBXNativeTarget;
			buildConfigurationList = 58580A04228803DF002E1EBC /* Build configuration list for PBXNativeTarget "split" */;
			buildPhases = (
				585809F9228803DF002E1EBC /* Sources */,
				585809FA228803DF002E1EBC /* Frameworks */,
				585809FB228803DF002E1EBC /* CopyFiles */,
			);
			buildRules = (
			);
			dependencies = (
			);
			name = split;
			productName = Chapter06;
			productReference = 585809FD228803DF002E1EBC /* split */;
			productType = "com.apple.product-type.tool";
		};
		585E27672298E216000383D0 /* palindrome */ = {
			isa = PBXNativeTarget;
			buildConfigurationList = 585E276C2298E216000383D0 /* Build configuration list for PBXNativeTarget "palindrome" */;
			buildPhases = (
				585E27642298E216000383D0 /* Sources */,
				585E27652298E216000383D0 /* Frameworks */,
				585E27662298E216000383D0 /* CopyFiles */,
			);
			buildRules = (
			);
			dependencies = (
			);
			name = palindrome;
			productName = palindrome;
			productReference = 585E27682298E216000383D0 /* palindrome */;
			productType = "com.apple.product-type.tool";
		};
		585E27722298E3EF000383D0 /* findurls */ = {
			isa = PBXNativeTarget;
			buildConfigurationList = 585E27772298E3EF000383D0 /* Build configuration list for PBXNativeTarget "findurls" */;
			buildPhases = (
				585E276F2298E3EF000383D0 /* Sources */,
				585E27702298E3EF000383D0 /* Frameworks */,
				585E27712298E3EF000383D0 /* CopyFiles */,
			);
			buildRules = (
			);
			dependencies = (
			);
			name = findurls;
			productName = findurls;
			productReference = 585E27732298E3EF000383D0 /* findurls */;
			productType = "com.apple.product-type.tool";
		};
/* End PBXNativeTarget section */

/* Begin PBXProject section */
		585809F5228803DF002E1EBC /* Project object */ = {
			isa = PBXProject;
			attributes = {
				LastUpgradeCheck = 1000;
				ORGANIZATIONNAME = ShannonChen;
				TargetAttributes = {
					585809FC228803DF002E1EBC = {
						CreatedOnToolsVersion = 10.0;
					};
					585E27672298E216000383D0 = {
						CreatedOnToolsVersion = 10.0;
					};
					585E27722298E3EF000383D0 = {
						CreatedOnToolsVersion = 10.0;
					};
				};
			};
			buildConfigurationList = 585809F8228803DF002E1EBC /* Build configuration list for PBXProject "Chapter06" */;
			compatibilityVersion = "Xcode 9.3";
			developmentRegion = en;
			hasScannedForEncodings = 0;
			knownRegions = (
				en,
			);
			mainGroup = 585809F4228803DF002E1EBC;
			productRefGroup = 585809FE228803DF002E1EBC /* Products */;
			projectDirPath = "";
			projectRoot = "";
			targets = (
				585809FC228803DF002E1EBC /* split */,
				585E27672298E216000383D0 /* palindrome */,
				585E27722298E3EF000383D0 /* findurls */,
			);
		};
/* End PBXProject section */

/* Begin PBXSourcesBuildPhase section */
		585809F9228803DF002E1EBC /* Sources */ = {
			isa = PBXSourcesBuildPhase;
			buildActionMask = 2147483647;
			files = (
				585E27632298D810000383D0 /* split.cpp in Sources */,
				58580A01228803DF002E1EBC /* main.cpp in Sources */,
			);
			runOnlyForDeploymentPostprocessing = 0;
		};
		585E27642298E216000383D0 /* Sources */ = {
			isa = PBXSourcesBuildPhase;
			buildActionMask = 2147483647;
			files = (
				585E276B2298E216000383D0 /* main.cpp in Sources */,
			);
			runOnlyForDeploymentPostprocessing = 0;
		};
		585E276F2298E3EF000383D0 /* Sources */ = {
			isa = PBXSourcesBuildPhase;
			buildActionMask = 2147483647;
			files = (
				585E27762298E3EF000383D0 /* main.cpp in Sources */,
			);
			runOnlyForDeploymentPostprocessing = 0;
		};
/* End PBXSourcesBuildPhase section */

/* Begin XCBuildConfiguration section */
		58580A02228803DF002E1EBC /* Debug */ = {
			isa = XCBuildConfiguration;
			buildSettings = {
				ALWAYS_SEARCH_USER_PATHS = NO;
				CLANG_ANALYZER_NONNULL = YES;
				CLANG_ANALYZER_NUMBER_OBJECT_CONVERSION = YES_AGGRESSIVE;
				CLANG_CXX_LANGUAGE_STANDARD = "gnu++14";
				CLANG_CXX_LIBRARY = "libc++";
				CLANG_ENABLE_MODULES = YES;
				CLANG_ENABLE_OBJC_ARC = YES;
				CLANG_ENABLE_OBJC_WEAK = YES;
				CLANG_WARN_BLOCK_CAPTURE_AUTORELEASING = YES;
				CLANG_WARN_BOOL_CONVERSION = YES;
				CLANG_WARN_COMMA = YES;
				CLANG_WARN_CONSTANT_CONVERSION = YES;
				CLANG_WARN_DEPRECATED_OBJC_IMPLEMENTATIONS = YES;
				CLANG_WARN_DIRECT_OBJC_ISA_USAGE = YES_ERROR;
				CLANG_WARN_DOCUMENTATION_COMMENTS = YES;
				CLANG_WARN_EMPTY_BODY = YES;
				CLANG_WARN_ENUM_CONVERSION = YES;
				CLANG_WARN_INFINITE_RECURSION = YES;
				CLANG_WARN_INT_CONVERSION = YES;
				CLANG_WARN_NON_LITERAL_NULL_CONVERSION = YES;
				CLANG_WARN_OBJC_IMPLICIT_RETAIN_SELF = YES;
				CLANG_WARN_OBJC_LITERAL_CONVERSION = YES;
				CLANG_WARN_OBJC_ROOT_CLASS = YES_ERROR;
				CLANG_WARN_RANGE_LOOP_ANALYSIS = YES;
				CLANG_WARN_STRICT_PROTOTYPES = YES;
				CLANG_WARN_SUSPICIOUS_MOVE = YES;
				CLANG_WARN_UNGUARDED_AVAILABILITY = YES_AGGRESSIVE;
				CLANG_WARN_UNREACHABLE_CODE = YES;
				CLANG_WARN__DUPLICATE_METHOD_MATCH = YES;
				CODE_SIGN_IDENTITY = "Mac Developer";
				COPY_PHASE_STRIP = NO;
				DEBUG_INFORMATION_FORMAT = dwarf;
				ENABLE_STRICT_OBJC_MSGSEND = YES;
				ENABLE_TESTABILITY = YES;
				GCC_C_LANGUAGE_STANDARD = gnu11;
				GCC_DYNAMIC_NO_PIC = NO;
				GCC_NO_COMMON_BLOCKS = YES;
				GCC_OPTIMIZATION_LEVEL = 0;
				GCC_PREPROCESSOR_DEFINITIONS = (
					"DEBUG=1",
					"$(inherited)",
				);
				GCC_WARN_64_TO_32_BIT_CONVERSION = YES;
				GCC_WARN_ABOUT_RETURN_TYPE = YES_ERROR;
				GCC_WARN_UNDECLARED_SELECTOR = YES;
				GCC_WARN_UNINITIALIZED_AUTOS = YES_AGGRESSIVE;
				GCC_WARN_UNUSED_FUNCTION = YES;
				GCC_WARN_UNUSED_VARIABLE = YES;
				MACOSX_DEPLOYMENT_TARGET = 10.13;
				MTL_ENABLE_DEBUG_INFO = INCLUDE_SOURCE;
				MTL_FAST_MATH = YES;
				ONLY_ACTIVE_ARCH = YES;
				SDKROOT = macosx;
			};
			name = Debug;
		};
		58580A03228803DF002E1EBC /* Release */ = {
			isa = XCBuildConfiguration;
			buildSettings = {
				ALWAYS_SEARCH_USER_PATHS = NO;
				CLANG_ANALYZER_NONNULL = YES;
				CLANG_ANALYZER_NUMBER_OBJECT_CONVERSION = YES_AGGRESSIVE;
				CLANG_CXX_LANGUAGE_STANDARD = "gnu++14";
				CLANG_CXX_LIBRARY = "libc++";
				CLANG_ENABLE_MODULES = YES;
				CLANG_ENABLE_OBJC_ARC = YES;
				CLANG_ENABLE_OBJC_WEAK = YES;
				CLANG_WARN_BLOCK_CAPTURE_AUTORELEASING = YES;
				CLANG_WARN_BOOL_CONVERSION = YES;
				CLANG_WARN_COMMA = YES;
				CLANG_WARN_CONSTANT_CONVERSION = YES;
				CLANG_WARN_DEPRECATED_OBJC_IMPLEMENTATIONS = YES;
				CLANG_WARN_DIRECT_OBJC_ISA_USAGE = YES_ERROR;
				CLANG_WARN_DOCUMENTATION_COMMENTS = YES;
				CLANG_WARN_EMPTY_BODY = YES;
				CLANG_WARN_ENUM_CONVERSION = YES;
				CLANG_WARN_INFINITE_RECURSION = YES;
				CLANG_WARN_INT_CONVERSION = YES;
				CLANG_WARN_NON_LITERAL_NULL_CONVERSION = YES;
				CLANG_WARN_OBJC_IMPLICIT_RETAIN_SELF = YES;
				CLANG_WARN_OBJC_LITERAL_CONVERSION = YES;
				CLANG_WARN_OBJC_ROOT_CLASS = YES_ERROR;
				CLANG_WARN_RANGE_LOOP_ANALYSIS = YES;
				CLANG_WARN_STRICT_PROTOTYPES = YES;
				CLANG_WARN_SUSPICIOUS_MOVE = YES;
				CLANG_WARN_UNGUARDED_AVAILABILITY = YES_AGGRESSIVE;
				CLANG_WARN_UNREACHABLE_CODE = YES;
				CLANG_WARN__DUPLICATE_METHOD_MATCH = YES;
				CODE_SIGN_IDENTITY = "Mac Developer";
				COPY_PHASE_STRIP = NO;
				DEBUG_INFORMATION_FORMAT = "dwarf-with-dsym";
				ENABLE_NS_ASSERTIONS = NO;
				ENABLE_STRICT_OBJC_MSGSEND = YES;
				GCC_C_LANGUAGE_STANDARD = gnu11;
				GCC_NO_COMMON_BLOCKS = YES;
				GCC_WARN_64_TO_32_BIT_CONVERSION = YES;
				GCC_WARN_ABOUT_RETURN_TYPE = YES_ERROR;
				GCC_WARN_UNDECLARED_SELECTOR = YES;
				GCC_WARN_UNINITIALIZED_AUTOS = YES_AGGRESSIVE;
				GCC_WARN_UNUSED_FUNCTION = YES;
				GCC_WARN_UNUSED_VARIABLE = YES;
				MACOSX_DEPLOYMENT_TARGET = 10.13;
				MTL_ENABLE_DEBUG_INFO = NO;
				MTL_FAST_MATH = YES;
				SDKROOT = macosx;
			};
			name = Release;
		};
		58580A05228803DF002E1EBC /* Debug */ = {
			isa = XCBuildConfiguration;
			buildSettings = {
				CODE_SIGN_STYLE = Automatic;
				DEVELOPMENT_TEAM = L32PN8QKLZ;
				PRODUCT_NAME = "$(TARGET_NAME)";
			};
			name = Debug;
		};
		58580A06228803DF002E1EBC /* Release */ = {
			isa = XCBuildConfiguration;
			buildSettings = {
				CODE_SIGN_STYLE = Automatic;
				DEVELOPMENT_TEAM = L32PN8QKLZ;
				PRODUCT_NAME = "$(TARGET_NAME)";
			};
			name = Release;
		};
		585E276D2298E216000383D0 /* Debug */ = {
			isa = XCBuildConfiguration;
			buildSettings = {
				CODE_SIGN_STYLE = Automatic;
				DEVELOPMENT_TEAM = L32PN8QKLZ;
				PRODUCT_NAME = "$(TARGET_NAME)";
			};
			name = Debug;
		};
		585E276E2298E216000383D0 /* Release */ = {
			isa = XCBuildConfiguration;
			buildSettings = {
				CODE_SIGN_STYLE = Automatic;
				DEVELOPMENT_TEAM = L32PN8QKLZ;
				PRODUCT_NAME = "$(TARGET_NAME)";
			};
			name = Release;
		};
		585E27782298E3EF000383D0 /* Debug */ = {
			isa = XCBuildConfiguration;
			buildSettings = {
				CODE_SIGN_STYLE = Automatic;
				DEVELOPMENT_TEAM = L32PN8QKLZ;
				PRODUCT_NAME = "$(TARGET_NAME)";
			};
			name = Debug;
		};
		585E27792298E3EF000383D0 /* Release */ = {
			isa = XCBuildConfiguration;
			buildSettings = {
				CODE_SIGN_STYLE = Automatic;
				DEVELOPMENT_TEAM = L32PN8QKLZ;
				PRODUCT_NAME = "$(TARGET_NAME)";
			};
			name = Release;
		};
/* End XCBuildConfiguration section */

/* Begin XCConfigurationList section */
		585809F8228803DF002E1EBC /* Build configuration list for PBXProject "Chapter06" */ = {
			isa = XCConfigurationList;
			buildConfigurations = (
				58580A02228803DF002E1EBC /* Debug */,
				58580A03228803DF002E1EBC /* Release */,
			);
			defaultConfigurationIsVisible = 0;
			defaultConfigurationName = Release;
		};
		58580A04228803DF002E1EBC /* Build configuration list for PBXNativeTarget "split" */ = {
			isa = XCConfigurationList;
			buildConfigurations = (
				58580A05228803DF002E1EBC /* Debug */,
				58580A06228803DF002E1EBC /* Release */,
			);
			defaultConfigurationIsVisible = 0;
			defaultConfigurationName = Release;
		};
		585E276C2298E216000383D0 /* Build configuration list for PBXNativeTarget "palindrome" */ = {
			isa = XCConfigurationList;
			buildConfigurations = (
				585E276D2298E216000383D0 /* Debug */,
				585E276E2298E216000383D0 /* Release */,
			);
			defaultConfigurationIsVisible = 0;
			defaultConfigurationName = Release;
		};
		585E27772298E3EF000383D0 /* Build configuration list for PBXNativeTarget "findurls" */ = {
			isa = XCConfigurationList;
			buildConfigurations = (
				585E27782298E3EF000383D0 /* Debug */,
				585E27792298E3EF000383D0 /* Release */,
			);
			defaultConfigurationIsVisible = 0;
			defaultConfigurationName = Release;
		};
/* End XCConfigurationList section */
	};
	rootObject = 585809F5228803DF002E1EBC /* Project object */;
}
