// !$*UTF8*$!
{
	archiveVersion = 1;
	classes = {
	};
	objectVersion = 50;
	objects = {

/* Begin PBXBuildFile section */
		581886F6228682A100836D98 /* main.cpp in Sources */ = {isa = PBXBuildFile; fileRef = 581886F5228682A100836D98 /* main.cpp */; };
		581887042286D41600836D98 /* main.cpp in Sources */ = {isa = PBXBuildFile; fileRef = 581887032286D41600836D98 /* main.cpp */; };
		5818870A2286DC4900836D98 /* median.cpp in Sources */ = {isa = PBXBuildFile; fileRef = 581887082286DC4900836D98 /* median.cpp */; };
		5818870C2286DF3000836D98 /* Student_info.cpp in Sources */ = {isa = PBXBuildFile; fileRef = 5818870B2286DF3000836D98 /* Student_info.cpp */; };
		581887102286E1B600836D98 /* grade.cpp in Sources */ = {isa = PBXBuildFile; fileRef = 5818870F2286E1B600836D98 /* grade.cpp */; };
/* End PBXBuildFile section */

/* Begin PBXCopyFilesBuildPhase section */
		581886F0228682A100836D98 /* CopyFiles */ = {
			isa = PBXCopyFilesBuildPhase;
			buildActionMask = 2147483647;
			dstPath = /usr/share/man/man1/;
			dstSubfolderSpec = 0;
			files = (
			);
			runOnlyForDeploymentPostprocessing = 1;
		};
		581886FF2286D41600836D98 /* CopyFiles */ = {
			isa = PBXCopyFilesBuildPhase;
			buildActionMask = 2147483647;
			dstPath = /usr/share/man/man1/;
			dstSubfolderSpec = 0;
			files = (
			);
			runOnlyForDeploymentPostprocessing = 1;
		};
/* End PBXCopyFilesBuildPhase section */

/* Begin PBXFileReference section */
		581886F2228682A100836D98 /* 01 */ = {isa = PBXFileReference; explicitFileType = "compiled.mach-o.executable"; includeInIndex = 0; path = 01; sourceTree = BUILT_PRODUCTS_DIR; };
		581886F5228682A100836D98 /* main.cpp */ = {isa = PBXFileReference; lastKnownFileType = sourcecode.cpp.cpp; path = main.cpp; sourceTree = "<group>"; };
		581886FC2286830600836D98 /* README.md */ = {isa = PBXFileReference; lastKnownFileType = net.daringfireball.markdown; path = README.md; sourceTree = "<group>"; };
		581887012286D41600836D98 /* 02 */ = {isa = PBXFileReference; explicitFileType = "compiled.mach-o.executable"; includeInIndex = 0; path = 02; sourceTree = BUILT_PRODUCTS_DIR; };
		581887032286D41600836D98 /* main.cpp */ = {isa = PBXFileReference; lastKnownFileType = sourcecode.cpp.cpp; path = main.cpp; sourceTree = "<group>"; };
		581887082286DC4900836D98 /* median.cpp */ = {isa = PBXFileReference; lastKnownFileType = sourcecode.cpp.cpp; path = median.cpp; sourceTree = "<group>"; };
		581887092286DC4900836D98 /* median.h */ = {isa = PBXFileReference; lastKnownFileType = sourcecode.c.h; path = median.h; sourceTree = "<group>"; };
		5818870B2286DF3000836D98 /* Student_info.cpp */ = {isa = PBXFileReference; lastKnownFileType = sourcecode.cpp.cpp; path = Student_info.cpp; sourceTree = "<group>"; };
		5818870D2286DF3C00836D98 /* Student_info.h */ = {isa = PBXFileReference; lastKnownFileType = sourcecode.c.h; path = Student_info.h; sourceTree = "<group>"; };
		5818870E2286E12600836D98 /* grade.h */ = {isa = PBXFileReference; lastKnownFileType = sourcecode.c.h; path = grade.h; sourceTree = "<group>"; };
		5818870F2286E1B600836D98 /* grade.cpp */ = {isa = PBXFileReference; lastKnownFileType = sourcecode.cpp.cpp; path = grade.cpp; sourceTree = "<group>"; };
/* End PBXFileReference section */

/* Begin PBXFrameworksBuildPhase section */
		581886EF228682A100836D98 /* Frameworks */ = {
			isa = PBXFrameworksBuildPhase;
			buildActionMask = 2147483647;
			files = (
			);
			runOnlyForDeploymentPostprocessing = 0;
		};
		581886FE2286D41600836D98 /* Frameworks */ = {
			isa = PBXFrameworksBuildPhase;
			buildActionMask = 2147483647;
			files = (
			);
			runOnlyForDeploymentPostprocessing = 0;
		};
/* End PBXFrameworksBuildPhase section */

/* Begin PBXGroup section */
		581886E9228682A100836D98 = {
			isa = PBXGroup;
			children = (
				581886FC2286830600836D98 /* README.md */,
				581886F4228682A100836D98 /* 01 */,
				581887022286D41600836D98 /* 02 */,
				581886F3228682A100836D98 /* Products */,
			);
			sourceTree = "<group>";
		};
		581886F3228682A100836D98 /* Products */ = {
			isa = PBXGroup;
			children = (
				581886F2228682A100836D98 /* 01 */,
				581887012286D41600836D98 /* 02 */,
			);
			name = Products;
			sourceTree = "<group>";
		};
		581886F4228682A100836D98 /* 01 */ = {
			isa = PBXGroup;
			children = (
				581886F5228682A100836D98 /* main.cpp */,
			);
			path = 01;
			sourceTree = "<group>";
		};
		581887022286D41600836D98 /* 02 */ = {
			isa = PBXGroup;
			children = (
				581887032286D41600836D98 /* main.cpp */,
				581887092286DC4900836D98 /* median.h */,
				581887082286DC4900836D98 /* median.cpp */,
				5818870D2286DF3C00836D98 /* Student_info.h */,
				5818870B2286DF3000836D98 /* Student_info.cpp */,
				5818870E2286E12600836D98 /* grade.h */,
				5818870F2286E1B600836D98 /* grade.cpp */,
			);
			path = 02;
			sourceTree = "<group>";
		};
/* End PBXGroup section */

/* Begin PBXNativeTarget section */
		581886F1228682A100836D98 /* 01 */ = {
			isa = PBXNativeTarget;
			buildConfigurationList = 581886F9228682A100836D98 /* Build configuration list for PBXNativeTarget "01" */;
			buildPhases = (
				581886EE228682A100836D98 /* Sources */,
				581886EF228682A100836D98 /* Frameworks */,
				581886F0228682A100836D98 /* CopyFiles */,
			);
			buildRules = (
			);
			dependencies = (
			);
			name = 01;
			productName = Chapter04;
			productReference = 581886F2228682A100836D98 /* 01 */;
			productType = "com.apple.product-type.tool";
		};
		581887002286D41600836D98 /* 02 */ = {
			isa = PBXNativeTarget;
			buildConfigurationList = 581887052286D41600836D98 /* Build configuration list for PBXNativeTarget "02" */;
			buildPhases = (
				581886FD2286D41600836D98 /* Sources */,
				581886FE2286D41600836D98 /* Frameworks */,
				581886FF2286D41600836D98 /* CopyFiles */,
			);
			buildRules = (
			);
			dependencies = (
			);
			name = 02;
			productName = 02;
			productReference = 581887012286D41600836D98 /* 02 */;
			productType = "com.apple.product-type.tool";
		};
/* End PBXNativeTarget section */

/* Begin PBXProject section */
		581886EA228682A100836D98 /* Project object */ = {
			isa = PBXProject;
			attributes = {
				LastUpgradeCheck = 1000;
				ORGANIZATIONNAME = ShannonChen;
				TargetAttributes = {
					581886F1228682A100836D98 = {
						CreatedOnToolsVersion = 10.0;
					};
					581887002286D41600836D98 = {
						CreatedOnToolsVersion = 10.0;
					};
				};
			};
			buildConfigurationList = 581886ED228682A100836D98 /* Build configuration list for PBXProject "Chapter04" */;
			compatibilityVersion = "Xcode 9.3";
			developmentRegion = en;
			hasScannedForEncodings = 0;
			knownRegions = (
				en,
			);
			mainGroup = 581886E9228682A100836D98;
			productRefGroup = 581886F3228682A100836D98 /* Products */;
			projectDirPath = "";
			projectRoot = "";
			targets = (
				581886F1228682A100836D98 /* 01 */,
				581887002286D41600836D98 /* 02 */,
			);
		};
/* End PBXProject section */

/* Begin PBXSourcesBuildPhase section */
		581886EE228682A100836D98 /* Sources */ = {
			isa = PBXSourcesBuildPhase;
			buildActionMask = 2147483647;
			files = (
				581886F6228682A100836D98 /* main.cpp in Sources */,
			);
			runOnlyForDeploymentPostprocessing = 0;
		};
		581886FD2286D41600836D98 /* Sources */ = {
			isa = PBXSourcesBuildPhase;
			buildActionMask = 2147483647;
			files = (
				5818870C2286DF3000836D98 /* Student_info.cpp in Sources */,
				581887102286E1B600836D98 /* grade.cpp in Sources */,
				581887042286D41600836D98 /* main.cpp in Sources */,
				5818870A2286DC4900836D98 /* median.cpp in Sources */,
			);
			runOnlyForDeploymentPostprocessing = 0;
		};
/* End PBXSourcesBuildPhase section */

/* Begin XCBuildConfiguration section */
		581886F7228682A100836D98 /* Debug */ = {
			isa = XCBuildConfiguration;
			buildSettings = {
				ALWAYS_SEARCH_USER_PATHS = NO;
				CLANG_ANALYZER_NONNULL = YES;
				CLANG_ANALYZER_NUMBER_OBJECT_CONVERSION = YES_AGGRESSIVE;
				CLANG_CXX_LANGUAGE_STANDARD = "gnu++14";
				CLANG_CXX_LIBRARY = "libc++";
				CLANG_ENABLE_MODULES = YES;
				CLANG_ENABLE_OBJC_ARC = YES;
				CLANG_ENABLE_OBJC_WEAK = YES;
				CLANG_WARN_BLOCK_CAPTURE_AUTORELEASING = YES;
				CLANG_WARN_BOOL_CONVERSION = YES;
				CLANG_WARN_COMMA = YES;
				CLANG_WARN_CONSTANT_CONVERSION = YES;
				CLANG_WARN_DEPRECATED_OBJC_IMPLEMENTATIONS = YES;
				CLANG_WARN_DIRECT_OBJC_ISA_USAGE = YES_ERROR;
				CLANG_WARN_DOCUMENTATION_COMMENTS = YES;
				CLANG_WARN_EMPTY_BODY = YES;
				CLANG_WARN_ENUM_CONVERSION = YES;
				CLANG_WARN_INFINITE_RECURSION = YES;
				CLANG_WARN_INT_CONVERSION = YES;
				CLANG_WARN_NON_LITERAL_NULL_CONVERSION = YES;
				CLANG_WARN_OBJC_IMPLICIT_RETAIN_SELF = YES;
				CLANG_WARN_OBJC_LITERAL_CONVERSION = YES;
				CLANG_WARN_OBJC_ROOT_CLASS = YES_ERROR;
				CLANG_WARN_RANGE_LOOP_ANALYSIS = YES;
				CLANG_WARN_STRICT_PROTOTYPES = YES;
				CLANG_WARN_SUSPICIOUS_MOVE = YES;
				CLANG_WARN_UNGUARDED_AVAILABILITY = YES_AGGRESSIVE;
				CLANG_WARN_UNREACHABLE_CODE = YES;
				CLANG_WARN__DUPLICATE_METHOD_MATCH = YES;
				CODE_SIGN_IDENTITY = "Mac Developer";
				COPY_PHASE_STRIP = NO;
				DEBUG_INFORMATION_FORMAT = dwarf;
				ENABLE_STRICT_OBJC_MSGSEND = YES;
				ENABLE_TESTABILITY = YES;
				GCC_C_LANGUAGE_STANDARD = gnu11;
				GCC_DYNAMIC_NO_PIC = NO;
				GCC_NO_COMMON_BLOCKS = YES;
				GCC_OPTIMIZATION_LEVEL = 0;
				GCC_PREPROCESSOR_DEFINITIONS = (
					"DEBUG=1",
					"$(inherited)",
				);
				GCC_WARN_64_TO_32_BIT_CONVERSION = YES;
				GCC_WARN_ABOUT_RETURN_TYPE = YES_ERROR;
				GCC_WARN_UNDECLARED_SELECTOR = YES;
				GCC_WARN_UNINITIALIZED_AUTOS = YES_AGGRESSIVE;
				GCC_WARN_UNUSED_FUNCTION = YES;
				GCC_WARN_UNUSED_VARIABLE = YES;
				MACOSX_DEPLOYMENT_TARGET = 10.13;
				MTL_ENABLE_DEBUG_INFO = INCLUDE_SOURCE;
				MTL_FAST_MATH = YES;
				ONLY_ACTIVE_ARCH = YES;
				SDKROOT = macosx;
			};
			name = Debug;
		};
		581886F8228682A100836D98 /* Release */ = {
			isa = XCBuildConfiguration;
			buildSettings = {
				ALWAYS_SEARCH_USER_PATHS = NO;
				CLANG_ANALYZER_NONNULL = YES;
				CLANG_ANALYZER_NUMBER_OBJECT_CONVERSION = YES_AGGRESSIVE;
				CLANG_CXX_LANGUAGE_STANDARD = "gnu++14";
				CLANG_CXX_LIBRARY = "libc++";
				CLANG_ENABLE_MODULES = YES;
				CLANG_ENABLE_OBJC_ARC = YES;
				CLANG_ENABLE_OBJC_WEAK = YES;
				CLANG_WARN_BLOCK_CAPTURE_AUTORELEASING = YES;
				CLANG_WARN_BOOL_CONVERSION = YES;
				CLANG_WARN_COMMA = YES;
				CLANG_WARN_CONSTANT_CONVERSION = YES;
				CLANG_WARN_DEPRECATED_OBJC_IMPLEMENTATIONS = YES;
				CLANG_WARN_DIRECT_OBJC_ISA_USAGE = YES_ERROR;
				CLANG_WARN_DOCUMENTATION_COMMENTS = YES;
				CLANG_WARN_EMPTY_BODY = YES;
				CLANG_WARN_ENUM_CONVERSION = YES;
				CLANG_WARN_INFINITE_RECURSION = YES;
				CLANG_WARN_INT_CONVERSION = YES;
				CLANG_WARN_NON_LITERAL_NULL_CONVERSION = YES;
				CLANG_WARN_OBJC_IMPLICIT_RETAIN_SELF = YES;
				CLANG_WARN_OBJC_LITERAL_CONVERSION = YES;
				CLANG_WARN_OBJC_ROOT_CLASS = YES_ERROR;
				CLANG_WARN_RANGE_LOOP_ANALYSIS = YES;
				CLANG_WARN_STRICT_PROTOTYPES = YES;
				CLANG_WARN_SUSPICIOUS_MOVE = YES;
				CLANG_WARN_UNGUARDED_AVAILABILITY = YES_AGGRESSIVE;
				CLANG_WARN_UNREACHABLE_CODE = YES;
				CLANG_WARN__DUPLICATE_METHOD_MATCH = YES;
				CODE_SIGN_IDENTITY = "Mac Developer";
				COPY_PHASE_STRIP = NO;
				DEBUG_INFORMATION_FORMAT = "dwarf-with-dsym";
				ENABLE_NS_ASSERTIONS = NO;
				ENABLE_STRICT_OBJC_MSGSEND = YES;
				GCC_C_LANGUAGE_STANDARD = gnu11;
				GCC_NO_COMMON_BLOCKS = YES;
				GCC_WARN_64_TO_32_BIT_CONVERSION = YES;
				GCC_WARN_ABOUT_RETURN_TYPE = YES_ERROR;
				GCC_WARN_UNDECLARED_SELECTOR = YES;
				GCC_WARN_UNINITIALIZED_AUTOS = YES_AGGRESSIVE;
				GCC_WARN_UNUSED_FUNCTION = YES;
				GCC_WARN_UNUSED_VARIABLE = YES;
				MACOSX_DEPLOYMENT_TARGET = 10.13;
				MTL_ENABLE_DEBUG_INFO = NO;
				MTL_FAST_MATH = YES;
				SDKROOT = macosx;
			};
			name = Release;
		};
		581886FA228682A100836D98 /* Debug */ = {
			isa = XCBuildConfiguration;
			buildSettings = {
				CODE_SIGN_STYLE = Automatic;
				DEVELOPMENT_TEAM = L32PN8QKLZ;
				PRODUCT_NAME = "$(TARGET_NAME)";
			};
			name = Debug;
		};
		581886FB228682A100836D98 /* Release */ = {
			isa = XCBuildConfiguration;
			buildSettings = {
				CODE_SIGN_STYLE = Automatic;
				DEVELOPMENT_TEAM = L32PN8QKLZ;
				PRODUCT_NAME = "$(TARGET_NAME)";
			};
			name = Release;
		};
		581887062286D41600836D98 /* Debug */ = {
			isa = XCBuildConfiguration;
			buildSettings = {
				CODE_SIGN_STYLE = Automatic;
				DEVELOPMENT_TEAM = L32PN8QKLZ;
				PRODUCT_NAME = "$(TARGET_NAME)";
			};
			name = Debug;
		};
		581887072286D41600836D98 /* Release */ = {
			isa = XCBuildConfiguration;
			buildSettings = {
				CODE_SIGN_STYLE = Automatic;
				DEVELOPMENT_TEAM = L32PN8QKLZ;
				PRODUCT_NAME = "$(TARGET_NAME)";
			};
			name = Release;
		};
/* End XCBuildConfiguration section */

/* Begin XCConfigurationList section */
		581886ED228682A100836D98 /* Build configuration list for PBXProject "Chapter04" */ = {
			isa = XCConfigurationList;
			buildConfigurations = (
				581886F7228682A100836D98 /* Debug */,
				581886F8228682A100836D98 /* Release */,
			);
			defaultConfigurationIsVisible = 0;
			defaultConfigurationName = Release;
		};
		581886F9228682A100836D98 /* Build configuration list for PBXNativeTarget "01" */ = {
			isa = XCConfigurationList;
			buildConfigurations = (
				581886FA228682A100836D98 /* Debug */,
				581886FB228682A100836D98 /* Release */,
			);
			defaultConfigurationIsVisible = 0;
			defaultConfigurationName = Release;
		};
		581887052286D41600836D98 /* Build configuration list for PBXNativeTarget "02" */ = {
			isa = XCConfigurationList;
			buildConfigurations = (
				581887062286D41600836D98 /* Debug */,
				581887072286D41600836D98 /* Release */,
			);
			defaultConfigurationIsVisible = 0;
			defaultConfigurationName = Release;
		};
/* End XCConfigurationList section */
	};
	rootObject = 581886EA228682A100836D98 /* Project object */;
}
